{
  "name": "ai-cookbook",
  "lockfileVersion": 3,
  "requires": true,
  "packages": {
    "": {
      "dependencies": {
        "openai": "^5.20.3"
      }
    },
    "node_modules/openai": {
      "version": "5.20.3",
      "resolved": "https://registry.npmjs.org/openai/-/openai-5.20.3.tgz",
      "integrity": "sha512-8V0KgAcPFppDIP8uMBOkhRrhDBuxNQYQxb9IovP4NN4VyaYGISAzYexyYYuAwVul2HB75Wpib0xDboYJqRMNow==",
      "license": "Apache-2.0",
      "bin": {
        "openai": "bin/cli"
      },
      "peerDependencies": {
        "ws": "^8.18.0",
        "zod": "^3.23.8"
      },
      "peerDependenciesMeta": {
        "ws": {
          "optional": true
        },
        "zod": {
          "optional": true
        }
      }
    }
  }
}
